
Microsoft Visual Studio Solution File, Format Version 11.00
# Visual Studio 2010
Project("{8BC9CEB8-8B4A-11D0-8D11-00A0C91BC942}") = "FastFactorialFunctions", "FastFactorialFunctions\FastFactorialFunctions.vcxproj", "{FD680434-8333-43D6-A961-3A9020CAAB94}"
	ProjectSection(ProjectDependencies) = postProject
		{6AC518E1-5B2D-4C6E-963E-42DB5D7F3E5A} = {6AC518E1-5B2D-4C6E-963E-42DB5D7F3E5A}
	EndProjectSection
EndProject
Project("{8BC9CEB8-8B4A-11D0-8D11-00A0C91BC942}") = "FastFactorialLibrary", "FastFactorialLibrary\FastFactorialLibrary.vcxproj", "{6AC518E1-5B2D-4C6E-963E-42DB5D7F3E5A}"
EndProject
Global
	GlobalSection(SolutionConfigurationPlatforms) = preSolution
		Debug|Mixed Platforms = Debug|Mixed Platforms
		Debug|Win32 = Debug|Win32
		Debug|x64 = Debug|x64
		Debug|x86 = Debug|x86
		Release|Mixed Platforms = Release|Mixed Platforms
		Release|Win32 = Release|Win32
		Release|x64 = Release|x64
		Release|x86 = Release|x86
	EndGlobalSection
	GlobalSection(ProjectConfigurationPlatforms) = postSolution
		{FD680434-8333-43D6-A961-3A9020CAAB94}.Debug|Mixed Platforms.ActiveCfg = Debug|x64
		{FD680434-8333-43D6-A961-3A9020CAAB94}.Debug|Mixed Platforms.Build.0 = Debug|x64
		{FD680434-8333-43D6-A961-3A9020CAAB94}.Debug|Win32.ActiveCfg = Release|x64
		{FD680434-8333-43D6-A961-3A9020CAAB94}.Debug|Win32.Build.0 = Release|x64
		{FD680434-8333-43D6-A961-3A9020CAAB94}.Debug|x64.ActiveCfg = Debug|x64
		{FD680434-8333-43D6-A961-3A9020CAAB94}.Debug|x64.Build.0 = Debug|x64
		{FD680434-8333-43D6-A961-3A9020CAAB94}.Debug|x86.ActiveCfg = Debug|x64
		{FD680434-8333-43D6-A961-3A9020CAAB94}.Release|Mixed Platforms.ActiveCfg = Release|x64
		{FD680434-8333-43D6-A961-3A9020CAAB94}.Release|Mixed Platforms.Build.0 = Release|x64
		{FD680434-8333-43D6-A961-3A9020CAAB94}.Release|Win32.ActiveCfg = Release|x64
		{FD680434-8333-43D6-A961-3A9020CAAB94}.Release|Win32.Build.0 = Release|x64
		{FD680434-8333-43D6-A961-3A9020CAAB94}.Release|x64.ActiveCfg = Release|x64
		{FD680434-8333-43D6-A961-3A9020CAAB94}.Release|x64.Build.0 = Release|x64
		{FD680434-8333-43D6-A961-3A9020CAAB94}.Release|x86.ActiveCfg = Release|x64
		{6AC518E1-5B2D-4C6E-963E-42DB5D7F3E5A}.Debug|Mixed Platforms.ActiveCfg = Debug|x64
		{6AC518E1-5B2D-4C6E-963E-42DB5D7F3E5A}.Debug|Mixed Platforms.Build.0 = Debug|x64
		{6AC518E1-5B2D-4C6E-963E-42DB5D7F3E5A}.Debug|Win32.ActiveCfg = Debug|Win32
		{6AC518E1-5B2D-4C6E-963E-42DB5D7F3E5A}.Debug|Win32.Build.0 = Debug|Win32
		{6AC518E1-5B2D-4C6E-963E-42DB5D7F3E5A}.Debug|x64.ActiveCfg = Debug|Win32
		{6AC518E1-5B2D-4C6E-963E-42DB5D7F3E5A}.Debug|x86.ActiveCfg = Debug|Win32
		{6AC518E1-5B2D-4C6E-963E-42DB5D7F3E5A}.Release|Mixed Platforms.ActiveCfg = Release|x64
		{6AC518E1-5B2D-4C6E-963E-42DB5D7F3E5A}.Release|Mixed Platforms.Build.0 = Release|x64
		{6AC518E1-5B2D-4C6E-963E-42DB5D7F3E5A}.Release|Win32.ActiveCfg = Release|Win32
		{6AC518E1-5B2D-4C6E-963E-42DB5D7F3E5A}.Release|Win32.Build.0 = Release|Win32
		{6AC518E1-5B2D-4C6E-963E-42DB5D7F3E5A}.Release|x64.ActiveCfg = Release|x64
		{6AC518E1-5B2D-4C6E-963E-42DB5D7F3E5A}.Release|x64.Build.0 = Release|x64
		{6AC518E1-5B2D-4C6E-963E-42DB5D7F3E5A}.Release|x86.ActiveCfg = Release|Win32
	EndGlobalSection
	GlobalSection(SolutionProperties) = preSolution
		HideSolutionNode = FALSE
	EndGlobalSection
EndGlobal
